
Microsoft Visual Studio Solution File, Format Version 12.00
# Visual Studio Version 16
VisualStudioVersion = 16.0.32510.428
MinimumVisualStudioVersion = 10.0.40219.1
Project("{FAE04EC0-301F-11D3-BF4B-00C04F79EFBC}") = "RestWithASP-NET5", "RestWithASP-NET5.csproj", "{CE963038-1F22-4945-888C-ACFE96C5FBC7}"
EndProject
Global
	GlobalSection(SolutionConfigurationPlatforms) = preSolution
		Debug|Any CPU = Debug|Any CPU
		Release|Any CPU = Release|Any CPU
	EndGlobalSection
	GlobalSection(ProjectConfigurationPlatforms) = postSolution
		{CE963038-1F22-4945-888C-ACFE96C5FBC7}.Debug|Any CPU.ActiveCfg = Debug|Any CPU
		{CE963038-1F22-4945-888C-ACFE96C5FBC7}.Debug|Any CPU.Build.0 = Debug|Any CPU
		{CE963038-1F22-4945-888C-ACFE96C5FBC7}.Release|Any CPU.ActiveCfg = Release|Any CPU
		{CE963038-1F22-4945-888C-ACFE96C5FBC7}.Release|Any CPU.Build.0 = Release|Any CPU
	EndGlobalSection
	GlobalSection(SolutionProperties) = preSolution
		HideSolutionNode = FALSE
	EndGlobalSection
	GlobalSection(ExtensibilityGlobals) = postSolution
		SolutionGuid = {E14C3D36-54CF-43C1-B525-1E76FBCC7E9B}
	EndGlobalSection
EndGlobal
